
Microsoft Visual Studio Solution File, Format Version 12.00
# Visual Studio Version 17
VisualStudioVersion = 17.11.35222.181
MinimumVisualStudioVersion = 10.0.40219.1
Project("{9A19103F-16F7-4668-BE54-9A1E7A4F7556}") = "Aerochat", "Aerochat\Aerochat.csproj", "{80AEB080-A813-485A-A7DC-494A8617AC56}"
EndProject
Project("{2150E333-8FDC-42A3-9474-1A3956D46DE8}") = "Solution Items", "Solution Items", "{02EA681E-C7D8-13C7-8484-4AC65E1B71E8}"
	ProjectSection(SolutionItems) = preProject
		.editorconfig = .editorconfig
	EndProjectSection
EndProject
Project("{FAE04EC0-301F-11D3-BF4B-00C04F79EFBC}") = "Aerochat.VisualShell.Tests", "Aerochat.VisualShell.Tests\Aerochat.VisualShell.Tests.csproj", "{C000E853-2C4F-41D3-8B11-A9305F1A316B}"
EndProject
Global
	GlobalSection(SolutionConfigurationPlatforms) = preSolution
		Debug|Any CPU = Debug|Any CPU
		Debug|x64 = Debug|x64
		Debug|x86 = Debug|x86
		Release|Any CPU = Release|Any CPU
		Release|x64 = Release|x64
		Release|x86 = Release|x86
	EndGlobalSection
	GlobalSection(ProjectConfigurationPlatforms) = postSolution
		{80AEB080-A813-485A-A7DC-494A8617AC56}.Debug|Any CPU.ActiveCfg = Debug|Any CPU
		{80AEB080-A813-485A-A7DC-494A8617AC56}.Debug|Any CPU.Build.0 = Debug|Any CPU
		{80AEB080-A813-485A-A7DC-494A8617AC56}.Debug|x64.ActiveCfg = Debug|x64
		{80AEB080-A813-485A-A7DC-494A8617AC56}.Debug|x64.Build.0 = Debug|x64
		{80AEB080-A813-485A-A7DC-494A8617AC56}.Debug|x86.ActiveCfg = Debug|Any CPU
		{80AEB080-A813-485A-A7DC-494A8617AC56}.Debug|x86.Build.0 = Debug|Any CPU
		{80AEB080-A813-485A-A7DC-494A8617AC56}.Release|Any CPU.ActiveCfg = Release|Any CPU
		{80AEB080-A813-485A-A7DC-494A8617AC56}.Release|Any CPU.Build.0 = Release|Any CPU
		{80AEB080-A813-485A-A7DC-494A8617AC56}.Release|x64.ActiveCfg = Release|x64
		{80AEB080-A813-485A-A7DC-494A8617AC56}.Release|x64.Build.0 = Release|x64
		{80AEB080-A813-485A-A7DC-494A8617AC56}.Release|x86.ActiveCfg = Release|Any CPU
		{80AEB080-A813-485A-A7DC-494A8617AC56}.Release|x86.Build.0 = Release|Any CPU
		{C000E853-2C4F-41D3-8B11-A9305F1A316B}.Debug|Any CPU.ActiveCfg = Debug|Any CPU
		{C000E853-2C4F-41D3-8B11-A9305F1A316B}.Debug|Any CPU.Build.0 = Debug|Any CPU
		{C000E853-2C4F-41D3-8B11-A9305F1A316B}.Debug|x64.ActiveCfg = Debug|x64
		{C000E853-2C4F-41D3-8B11-A9305F1A316B}.Debug|x64.Build.0 = Debug|x64
		{C000E853-2C4F-41D3-8B11-A9305F1A316B}.Debug|x86.ActiveCfg = Debug|Any CPU
		{C000E853-2C4F-41D3-8B11-A9305F1A316B}.Debug|x86.Build.0 = Debug|Any CPU
		{C000E853-2C4F-41D3-8B11-A9305F1A316B}.Release|Any CPU.ActiveCfg = Release|Any CPU
		{C000E853-2C4F-41D3-8B11-A9305F1A316B}.Release|Any CPU.Build.0 = Release|Any CPU
		{C000E853-2C4F-41D3-8B11-A9305F1A316B}.Release|x64.ActiveCfg = Release|Any CPU
		{C000E853-2C4F-41D3-8B11-A9305F1A316B}.Release|x64.Build.0 = Release|Any CPU
		{C000E853-2C4F-41D3-8B11-A9305F1A316B}.Release|x86.ActiveCfg = Release|Any CPU
		{C000E853-2C4F-41D3-8B11-A9305F1A316B}.Release|x86.Build.0 = Release|Any CPU
	EndGlobalSection
	GlobalSection(SolutionProperties) = preSolution
		HideSolutionNode = FALSE
	EndGlobalSection
	GlobalSection(ExtensibilityGlobals) = postSolution
		SolutionGuid = {8782D628-B31B-4447-A73A-3DF84FCC358B}
	EndGlobalSection
EndGlobal
